
Microsoft Visual Studio Solution File, Format Version 12.00
# Visual Studio Version 17
VisualStudioVersion = 17.5.33424.131
MinimumVisualStudioVersion = 10.0.40219.1
Project("{FAE04EC0-301F-11D3-BF4B-00C04F79EFBC}") = "NLayer.Core", "NLayer.Core\NLayer.Core.csproj", "{2AD233EC-74DB-462A-A8B1-18B96D8E74C9}"
EndProject
Project("{FAE04EC0-301F-11D3-BF4B-00C04F79EFBC}") = "NLayer.Repository", "NLayer.Repository\NLayer.Repository.csproj", "{E1FD0A49-EAB5-4176-9B62-0888D99BAB1F}"
EndProject
Project("{FAE04EC0-301F-11D3-BF4B-00C04F79EFBC}") = "NLayer.Service", "NLayer.Service\NLayer.Service.csproj", "{417862A2-5200-44CA-BB19-F24B7C88DC26}"
EndProject
Project("{FAE04EC0-301F-11D3-BF4B-00C04F79EFBC}") = "NLayer.API", "NLayer.API\NLayer.API.csproj", "{34A01C30-A835-48F5-8233-2B395D031642}"
EndProject
Project("{FAE04EC0-301F-11D3-BF4B-00C04F79EFBC}") = "NLayer.Web", "NLayer.Web\NLayer.Web.csproj", "{1918AB1C-B50F-4F8B-B556-974C59E8703E}"
EndProject
Project("{FAE04EC0-301F-11D3-BF4B-00C04F79EFBC}") = "NLayer.Caching", "NLayer.Caching\NLayer.Caching.csproj", "{37B20D89-B95E-4305-B264-C66855431D27}"
EndProject
Global
	GlobalSection(SolutionConfigurationPlatforms) = preSolution
		Debug|Any CPU = Debug|Any CPU
		Release|Any CPU = Release|Any CPU
	EndGlobalSection
	GlobalSection(ProjectConfigurationPlatforms) = postSolution
		{2AD233EC-74DB-462A-A8B1-18B96D8E74C9}.Debug|Any CPU.ActiveCfg = Debug|Any CPU
		{2AD233EC-74DB-462A-A8B1-18B96D8E74C9}.Debug|Any CPU.Build.0 = Debug|Any CPU
		{2AD233EC-74DB-462A-A8B1-18B96D8E74C9}.Release|Any CPU.ActiveCfg = Release|Any CPU
		{2AD233EC-74DB-462A-A8B1-18B96D8E74C9}.Release|Any CPU.Build.0 = Release|Any CPU
		{E1FD0A49-EAB5-4176-9B62-0888D99BAB1F}.Debug|Any CPU.ActiveCfg = Debug|Any CPU
		{E1FD0A49-EAB5-4176-9B62-0888D99BAB1F}.Debug|Any CPU.Build.0 = Debug|Any CPU
		{E1FD0A49-EAB5-4176-9B62-0888D99BAB1F}.Release|Any CPU.ActiveCfg = Release|Any CPU
		{E1FD0A49-EAB5-4176-9B62-0888D99BAB1F}.Release|Any CPU.Build.0 = Release|Any CPU
		{417862A2-5200-44CA-BB19-F24B7C88DC26}.Debug|Any CPU.ActiveCfg = Debug|Any CPU
		{417862A2-5200-44CA-BB19-F24B7C88DC26}.Debug|Any CPU.Build.0 = Debug|Any CPU
		{417862A2-5200-44CA-BB19-F24B7C88DC26}.Release|Any CPU.ActiveCfg = Release|Any CPU
		{417862A2-5200-44CA-BB19-F24B7C88DC26}.Release|Any CPU.Build.0 = Release|Any CPU
		{34A01C30-A835-48F5-8233-2B395D031642}.Debug|Any CPU.ActiveCfg = Debug|Any CPU
		{34A01C30-A835-48F5-8233-2B395D031642}.Debug|Any CPU.Build.0 = Debug|Any CPU
		{34A01C30-A835-48F5-8233-2B395D031642}.Release|Any CPU.ActiveCfg = Release|Any CPU
		{34A01C30-A835-48F5-8233-2B395D031642}.Release|Any CPU.Build.0 = Release|Any CPU
		{1918AB1C-B50F-4F8B-B556-974C59E8703E}.Debug|Any CPU.ActiveCfg = Debug|Any CPU
		{1918AB1C-B50F-4F8B-B556-974C59E8703E}.Debug|Any CPU.Build.0 = Debug|Any CPU
		{1918AB1C-B50F-4F8B-B556-974C59E8703E}.Release|Any CPU.ActiveCfg = Release|Any CPU
		{1918AB1C-B50F-4F8B-B556-974C59E8703E}.Release|Any CPU.Build.0 = Release|Any CPU
		{37B20D89-B95E-4305-B264-C66855431D27}.Debug|Any CPU.ActiveCfg = Debug|Any CPU
		{37B20D89-B95E-4305-B264-C66855431D27}.Debug|Any CPU.Build.0 = Debug|Any CPU
		{37B20D89-B95E-4305-B264-C66855431D27}.Release|Any CPU.ActiveCfg = Release|Any CPU
		{37B20D89-B95E-4305-B264-C66855431D27}.Release|Any CPU.Build.0 = Release|Any CPU
	EndGlobalSection
	GlobalSection(SolutionProperties) = preSolution
		HideSolutionNode = FALSE
	EndGlobalSection
	GlobalSection(ExtensibilityGlobals) = postSolution
		SolutionGuid = {07F9C2AA-0BA4-4C85-A127-CB42DAA2B727}
	EndGlobalSection
EndGlobal
